
Microsoft Visual Studio Solution File, Format Version 12.00
# Visual Studio Version 16
VisualStudioVersion = 16.0.31727.386
MinimumVisualStudioVersion = 10.0.40219.1
Project("{FAE04EC0-301F-11D3-BF4B-00C04F79EFBC}") = "Farmacie_app", "Farmacie_app.csproj", "{07E8F578-D7B2-4B51-9517-CC77782B2D20}"
EndProject
Global
	GlobalSection(SolutionConfigurationPlatforms) = preSolution
		Debug|Any CPU = Debug|Any CPU
		Release|Any CPU = Release|Any CPU
	EndGlobalSection
	GlobalSection(ProjectConfigurationPlatforms) = postSolution
		{07E8F578-D7B2-4B51-9517-CC77782B2D20}.Debug|Any CPU.ActiveCfg = Debug|Any CPU
		{07E8F578-D7B2-4B51-9517-CC77782B2D20}.Debug|Any CPU.Build.0 = Debug|Any CPU
		{07E8F578-D7B2-4B51-9517-CC77782B2D20}.Release|Any CPU.ActiveCfg = Release|Any CPU
		{07E8F578-D7B2-4B51-9517-CC77782B2D20}.Release|Any CPU.Build.0 = Release|Any CPU
	EndGlobalSection
	GlobalSection(SolutionProperties) = preSolution
		HideSolutionNode = FALSE
	EndGlobalSection
	GlobalSection(ExtensibilityGlobals) = postSolution
		SolutionGuid = {AA2EAB40-0A19-435F-BDFF-4CC6021AA4B6}
	EndGlobalSection
EndGlobal
